// !$*UTF8*$!
{
	archiveVersion = 1;
	classes = {
	};
	objectVersion = 48;
	objects = {

/* Begin PBXBuildFile section */
		1AED18E6C3123E0B0A529B78 /* Pods_dataStructuresApp.framework in Frameworks */ = {isa = PBXBuildFile; fileRef = 0366128E9F4FF717B9698ED5 /* Pods_dataStructuresApp.framework */; };
		5B209D9E20081BEA000B233F /* GoogleService-Info.plist in Resources */ = {isa = PBXBuildFile; fileRef = 5B209D9D20081BEA000B233F /* GoogleService-Info.plist */; };
		5B6AED3B20067DDF00ADF843 /* AppDelegate.swift in Sources */ = {isa = PBXBuildFile; fileRef = 5B6AED3A20067DDF00ADF843 /* AppDelegate.swift */; };
		5B6AED3D20067DDF00ADF843 /* ViewController.swift in Sources */ = {isa = PBXBuildFile; fileRef = 5B6AED3C20067DDF00ADF843 /* ViewController.swift */; };
		5B6AED4020067DDF00ADF843 /* Main.storyboard in Resources */ = {isa = PBXBuildFile; fileRef = 5B6AED3E20067DDF00ADF843 /* Main.storyboard */; };
		5B6AED4220067DDF00ADF843 /* Assets.xcassets in Resources */ = {isa = PBXBuildFile; fileRef = 5B6AED4120067DDF00ADF843 /* Assets.xcassets */; };
		5B6AED4520067DDF00ADF843 /* LaunchScreen.storyboard in Resources */ = {isa = PBXBuildFile; fileRef = 5B6AED4320067DDF00ADF843 /* LaunchScreen.storyboard */; };
		5B6AED4F20068ED300ADF843 /* newOrderViewController.swift in Sources */ = {isa = PBXBuildFile; fileRef = 5B6AED4E20068ED300ADF843 /* newOrderViewController.swift */; };
		5B6AED51200690F300ADF843 /* addOrderTableViewCell.swift in Sources */ = {isa = PBXBuildFile; fileRef = 5B6AED50200690F300ADF843 /* addOrderTableViewCell.swift */; };
		5B6AED532006976300ADF843 /* orderConfirmationViewController.swift in Sources */ = {isa = PBXBuildFile; fileRef = 5B6AED522006976300ADF843 /* orderConfirmationViewController.swift */; };
		5BADFBD2200A079500B473C2 /* viewCustomersTableViewController.swift in Sources */ = {isa = PBXBuildFile; fileRef = 5BADFBD1200A079500B473C2 /* viewCustomersTableViewController.swift */; };
		5BADFBD4200A07F600B473C2 /* customerTableViewCell.swift in Sources */ = {isa = PBXBuildFile; fileRef = 5BADFBD3200A07F600B473C2 /* customerTableViewCell.swift */; };
/* End PBXBuildFile section */

/* Begin PBXFileReference section */
		0366128E9F4FF717B9698ED5 /* Pods_dataStructuresApp.framework */ = {isa = PBXFileReference; explicitFileType = wrapper.framework; includeInIndex = 0; path = Pods_dataStructuresApp.framework; sourceTree = BUILT_PRODUCTS_DIR; };
		5B209D9D20081BEA000B233F /* GoogleService-Info.plist */ = {isa = PBXFileReference; fileEncoding = 4; lastKnownFileType = text.plist.xml; path = "GoogleService-Info.plist"; sourceTree = "<group>"; };
		5B6AED3720067DDF00ADF843 /* dataStructuresApp.app */ = {isa = PBXFileReference; explicitFileType = wrapper.application; includeInIndex = 0; path = dataStructuresApp.app; sourceTree = BUILT_PRODUCTS_DIR; };
		5B6AED3A20067DDF00ADF843 /* AppDelegate.swift */ = {isa = PBXFileReference; lastKnownFileType = sourcecode.swift; path = AppDelegate.swift; sourceTree = "<group>"; };
		5B6AED3C20067DDF00ADF843 /* ViewController.swift */ = {isa = PBXFileReference; lastKnownFileType = sourcecode.swift; path = ViewController.swift; sourceTree = "<group>"; };
		5B6AED3F20067DDF00ADF843 /* Base */ = {isa = PBXFileReference; lastKnownFileType = file.storyboard; name = Base; path = Base.lproj/Main.storyboard; sourceTree = "<group>"; };
		5B6AED4120067DDF00ADF843 /* Assets.xcassets */ = {isa = PBXFileReference; lastKnownFileType = folder.assetcatalog; path = Assets.xcassets; sourceTree = "<group>"; };
		5B6AED4420067DDF00ADF843 /* Base */ = {isa = PBXFileReference; lastKnownFileType = file.storyboard; name = Base; path = Base.lproj/LaunchScreen.storyboard; sourceTree = "<group>"; };
		5B6AED4620067DDF00ADF843 /* Info.plist */ = {isa = PBXFileReference; lastKnownFileType = text.plist.xml; path = Info.plist; sourceTree = "<group>"; };
		5B6AED4E20068ED300ADF843 /* newOrderViewController.swift */ = {isa = PBXFileReference; lastKnownFileType = sourcecode.swift; path = newOrderViewController.swift; sourceTree = "<group>"; };
		5B6AED50200690F300ADF843 /* addOrderTableViewCell.swift */ = {isa = PBXFileReference; lastKnownFileType = sourcecode.swift; path = addOrderTableViewCell.swift; sourceTree = "<group>"; };
		5B6AED522006976300ADF843 /* orderConfirmationViewController.swift */ = {isa = PBXFileReference; lastKnownFileType = sourcecode.swift; path = orderConfirmationViewController.swift; sourceTree = "<group>"; };
		5BADFBD1200A079500B473C2 /* viewCustomersTableViewController.swift */ = {isa = PBXFileReference; lastKnownFileType = sourcecode.swift; path = viewCustomersTableViewController.swift; sourceTree = "<group>"; };
		5BADFBD3200A07F600B473C2 /* customerTableViewCell.swift */ = {isa = PBXFileReference; lastKnownFileType = sourcecode.swift; path = customerTableViewCell.swift; sourceTree = "<group>"; };
		600F42C547A85035BE26FFC8 /* Pods-dataStructuresApp.release.xcconfig */ = {isa = PBXFileReference; includeInIndex = 1; lastKnownFileType = text.xcconfig; name = "Pods-dataStructuresApp.release.xcconfig"; path = "Pods/Target Support Files/Pods-dataStructuresApp/Pods-dataStructuresApp.release.xcconfig"; sourceTree = "<group>"; };
		E39D899459D27F5D75687E39 /* Pods-dataStructuresApp.debug.xcconfig */ = {isa = PBXFileReference; includeInIndex = 1; lastKnownFileType = text.xcconfig; name = "Pods-dataStructuresApp.debug.xcconfig"; path = "Pods/Target Support Files/Pods-dataStructuresApp/Pods-dataStructuresApp.debug.xcconfig"; sourceTree = "<group>"; };
/* End PBXFileReference section */

/* Begin PBXFrameworksBuildPhase section */
		5B6AED3420067DDE00ADF843 /* Frameworks */ = {
			isa = PBXFrameworksBuildPhase;
			buildActionMask = 2147483647;
			files = (
				1AED18E6C3123E0B0A529B78 /* Pods_dataStructuresApp.framework in Frameworks */,
			);
			runOnlyForDeploymentPostprocessing = 0;
		};
/* End PBXFrameworksBuildPhase section */

/* Begin PBXGroup section */
		5B6AED2E20067DDE00ADF843 = {
			isa = PBXGroup;
			children = (
				5B6AED3920067DDF00ADF843 /* dataStructuresApp */,
				5B6AED3820067DDF00ADF843 /* Products */,
				CF309A6FF7A37570C9E8DAB8 /* Pods */,
				D21C3FB2AED3638C5B9C1010 /* Frameworks */,
			);
			sourceTree = "<group>";
		};
		5B6AED3820067DDF00ADF843 /* Products */ = {
			isa = PBXGroup;
			children = (
				5B6AED3720067DDF00ADF843 /* dataStructuresApp.app */,
			);
			name = Products;
			sourceTree = "<group>";
		};
		5B6AED3920067DDF00ADF843 /* dataStructuresApp */ = {
			isa = PBXGroup;
			children = (
				5B6AED3A20067DDF00ADF843 /* AppDelegate.swift */,
				5B6AED4E20068ED300ADF843 /* newOrderViewController.swift */,
				5B6AED3C20067DDF00ADF843 /* ViewController.swift */,
				5B6AED3E20067DDF00ADF843 /* Main.storyboard */,
				5BADFBD3200A07F600B473C2 /* customerTableViewCell.swift */,
				5BADFBD1200A079500B473C2 /* viewCustomersTableViewController.swift */,
				5B6AED522006976300ADF843 /* orderConfirmationViewController.swift */,
				5B6AED50200690F300ADF843 /* addOrderTableViewCell.swift */,
				5B6AED4120067DDF00ADF843 /* Assets.xcassets */,
				5B6AED4320067DDF00ADF843 /* LaunchScreen.storyboard */,
				5B209D9D20081BEA000B233F /* GoogleService-Info.plist */,
				5B6AED4620067DDF00ADF843 /* Info.plist */,
			);
			path = dataStructuresApp;
			sourceTree = "<group>";
		};
		CF309A6FF7A37570C9E8DAB8 /* Pods */ = {
			isa = PBXGroup;
			children = (
				E39D899459D27F5D75687E39 /* Pods-dataStructuresApp.debug.xcconfig */,
				600F42C547A85035BE26FFC8 /* Pods-dataStructuresApp.release.xcconfig */,
			);
			name = Pods;
			sourceTree = "<group>";
		};
		D21C3FB2AED3638C5B9C1010 /* Frameworks */ = {
			isa = PBXGroup;
			children = (
				0366128E9F4FF717B9698ED5 /* Pods_dataStructuresApp.framework */,
			);
			name = Frameworks;
			sourceTree = "<group>";
		};
/* End PBXGroup section */

/* Begin PBXNativeTarget section */
		5B6AED3620067DDE00ADF843 /* dataStructuresApp */ = {
			isa = PBXNativeTarget;
			buildConfigurationList = 5B6AED4920067DDF00ADF843 /* Build configuration list for PBXNativeTarget "dataStructuresApp" */;
			buildPhases = (
				464297087980C0EE5FCEA398 /* [CP] Check Pods Manifest.lock */,
				5B6AED3320067DDE00ADF843 /* Sources */,
				5B6AED3420067DDE00ADF843 /* Frameworks */,
				5B6AED3520067DDE00ADF843 /* Resources */,
				9DE0016D66F0B879243DF0F9 /* [CP] Embed Pods Frameworks */,
				5D2E1340B83FED4F136536A2 /* [CP] Copy Pods Resources */,
			);
			buildRules = (
			);
			dependencies = (
			);
			name = dataStructuresApp;
			productName = dataStructuresApp;
			productReference = 5B6AED3720067DDF00ADF843 /* dataStructuresApp.app */;
			productType = "com.apple.product-type.application";
		};
/* End PBXNativeTarget section */

/* Begin PBXProject section */
		5B6AED2F20067DDE00ADF843 /* Project object */ = {
			isa = PBXProject;
			attributes = {
				LastSwiftUpdateCheck = 0910;
				LastUpgradeCheck = 0910;
				ORGANIZATIONNAME = "Edouard Long";
				TargetAttributes = {
					5B6AED3620067DDE00ADF843 = {
						CreatedOnToolsVersion = 9.1;
						ProvisioningStyle = Automatic;
					};
				};
			};
			buildConfigurationList = 5B6AED3220067DDE00ADF843 /* Build configuration list for PBXProject "dataStructuresApp" */;
			compatibilityVersion = "Xcode 8.0";
			developmentRegion = en;
			hasScannedForEncodings = 0;
			knownRegions = (
				en,
				Base,
			);
			mainGroup = 5B6AED2E20067DDE00ADF843;
			productRefGroup = 5B6AED3820067DDF00ADF843 /* Products */;
			projectDirPath = "";
			projectRoot = "";
			targets = (
				5B6AED3620067DDE00ADF843 /* dataStructuresApp */,
			);
		};
/* End PBXProject section */

/* Begin PBXResourcesBuildPhase section */
		5B6AED3520067DDE00ADF843 /* Resources */ = {
			isa = PBXResourcesBuildPhase;
			buildActionMask = 2147483647;
			files = (
				5B6AED4520067DDF00ADF843 /* LaunchScreen.storyboard in Resources */,
				5B209D9E20081BEA000B233F /* GoogleService-Info.plist in Resources */,
				5B6AED4220067DDF00ADF843 /* Assets.xcassets in Resources */,
				5B6AED4020067DDF00ADF843 /* Main.storyboard in Resources */,
			);
			runOnlyForDeploymentPostprocessing = 0;
		};
/* End PBXResourcesBuildPhase section */

/* Begin PBXShellScriptBuildPhase section */
		464297087980C0EE5FCEA398 /* [CP] Check Pods Manifest.lock */ = {
			isa = PBXShellScriptBuildPhase;
			buildActionMask = 2147483647;
			files = (
			);
			inputPaths = (
				"${PODS_PODFILE_DIR_PATH}/Podfile.lock",
				"${PODS_ROOT}/Manifest.lock",
			);
			name = "[CP] Check Pods Manifest.lock";
			outputPaths = (
				"$(DERIVED_FILE_DIR)/Pods-dataStructuresApp-checkManifestLockResult.txt",
			);
			runOnlyForDeploymentPostprocessing = 0;
			shellPath = /bin/sh;
			shellScript = "diff \"${PODS_PODFILE_DIR_PATH}/Podfile.lock\" \"${PODS_ROOT}/Manifest.lock\" > /dev/null\nif [ $? != 0 ] ; then\n    # print error to STDERR\n    echo \"error: The sandbox is not in sync with the Podfile.lock. Run 'pod install' or update your CocoaPods installation.\" >&2\n    exit 1\nfi\n# This output is used by Xcode 'outputs' to avoid re-running this script phase.\necho \"SUCCESS\" > \"${SCRIPT_OUTPUT_FILE_0}\"\n";
			showEnvVarsInLog = 0;
		};
		5D2E1340B83FED4F136536A2 /* [CP] Copy Pods Resources */ = {
			isa = PBXShellScriptBuildPhase;
			buildActionMask = 2147483647;
			files = (
			);
			inputPaths = (
			);
			name = "[CP] Copy Pods Resources";
			outputPaths = (
			);
			runOnlyForDeploymentPostprocessing = 0;
			shellPath = /bin/sh;
			shellScript = "\"${SRCROOT}/Pods/Target Support Files/Pods-dataStructuresApp/Pods-dataStructuresApp-resources.sh\"\n";
			showEnvVarsInLog = 0;
		};
		9DE0016D66F0B879243DF0F9 /* [CP] Embed Pods Frameworks */ = {
			isa = PBXShellScriptBuildPhase;
			buildActionMask = 2147483647;
			files = (
			);
			inputPaths = (
				"${SRCROOT}/Pods/Target Support Files/Pods-dataStructuresApp/Pods-dataStructuresApp-frameworks.sh",
				"${BUILT_PRODUCTS_DIR}/GTMSessionFetcher/GTMSessionFetcher.framework",
				"${BUILT_PRODUCTS_DIR}/GoogleToolboxForMac/GoogleToolboxForMac.framework",
				"${BUILT_PRODUCTS_DIR}/leveldb-library/leveldb.framework",
				"${BUILT_PRODUCTS_DIR}/nanopb/nanopb.framework",
			);
			name = "[CP] Embed Pods Frameworks";
			outputPaths = (
				"${TARGET_BUILD_DIR}/${FRAMEWORKS_FOLDER_PATH}/GTMSessionFetcher.framework",
				"${TARGET_BUILD_DIR}/${FRAMEWORKS_FOLDER_PATH}/GoogleToolboxForMac.framework",
				"${TARGET_BUILD_DIR}/${FRAMEWORKS_FOLDER_PATH}/leveldb.framework",
				"${TARGET_BUILD_DIR}/${FRAMEWORKS_FOLDER_PATH}/nanopb.framework",
			);
			runOnlyForDeploymentPostprocessing = 0;
			shellPath = /bin/sh;
			shellScript = "\"${SRCROOT}/Pods/Target Support Files/Pods-dataStructuresApp/Pods-dataStructuresApp-frameworks.sh\"\n";
			showEnvVarsInLog = 0;
		};
/* End PBXShellScriptBuildPhase section */

/* Begin PBXSourcesBuildPhase section */
		5B6AED3320067DDE00ADF843 /* Sources */ = {
			isa = PBXSourcesBuildPhase;
			buildActionMask = 2147483647;
			files = (
				5BADFBD2200A079500B473C2 /* viewCustomersTableViewController.swift in Sources */,
				5B6AED4F20068ED300ADF843 /* newOrderViewController.swift in Sources */,
				5B6AED3D20067DDF00ADF843 /* ViewController.swift in Sources */,
				5B6AED51200690F300ADF843 /* addOrderTableViewCell.swift in Sources */,
				5B6AED3B20067DDF00ADF843 /* AppDelegate.swift in Sources */,
				5B6AED532006976300ADF843 /* orderConfirmationViewController.swift in Sources */,
				5BADFBD4200A07F600B473C2 /* customerTableViewCell.swift in Sources */,
			);
			runOnlyForDeploymentPostprocessing = 0;
		};
/* End PBXSourcesBuildPhase section */

/* Begin PBXVariantGroup section */
		5B6AED3E20067DDF00ADF843 /* Main.storyboard */ = {
			isa = PBXVariantGroup;
			children = (
				5B6AED3F20067DDF00ADF843 /* Base */,
			);
			name = Main.storyboard;
			sourceTree = "<group>";
		};
		5B6AED4320067DDF00ADF843 /* LaunchScreen.storyboard */ = {
			isa = PBXVariantGroup;
			children = (
				5B6AED4420067DDF00ADF843 /* Base */,
			);
			name = LaunchScreen.storyboard;
			sourceTree = "<group>";
		};
/* End PBXVariantGroup section */

/* Begin XCBuildConfiguration section */
		5B6AED4720067DDF00ADF843 /* Debug */ = {
			isa = XCBuildConfiguration;
			buildSettings = {
				ALWAYS_SEARCH_USER_PATHS = NO;
				CLANG_ANALYZER_NONNULL = YES;
				CLANG_ANALYZER_NUMBER_OBJECT_CONVERSION = YES_AGGRESSIVE;
				CLANG_CXX_LANGUAGE_STANDARD = "gnu++14";
				CLANG_CXX_LIBRARY = "libc++";
				CLANG_ENABLE_MODULES = YES;
				CLANG_ENABLE_OBJC_ARC = YES;
				CLANG_WARN_BLOCK_CAPTURE_AUTORELEASING = YES;
				CLANG_WARN_BOOL_CONVERSION = YES;
				CLANG_WARN_COMMA = YES;
				CLANG_WARN_CONSTANT_CONVERSION = YES;
				CLANG_WARN_DIRECT_OBJC_ISA_USAGE = YES_ERROR;
				CLANG_WARN_DOCUMENTATION_COMMENTS = YES;
				CLANG_WARN_EMPTY_BODY = YES;
				CLANG_WARN_ENUM_CONVERSION = YES;
				CLANG_WARN_INFINITE_RECURSION = YES;
				CLANG_WARN_INT_CONVERSION = YES;
				CLANG_WARN_NON_LITERAL_NULL_CONVERSION = YES;
				CLANG_WARN_OBJC_LITERAL_CONVERSION = YES;
				CLANG_WARN_OBJC_ROOT_CLASS = YES_ERROR;
				CLANG_WARN_RANGE_LOOP_ANALYSIS = YES;
				CLANG_WARN_STRICT_PROTOTYPES = YES;
				CLANG_WARN_SUSPICIOUS_MOVE = YES;
				CLANG_WARN_UNGUARDED_AVAILABILITY = YES_AGGRESSIVE;
				CLANG_WARN_UNREACHABLE_CODE = YES;
				CLANG_WARN__DUPLICATE_METHOD_MATCH = YES;
				CODE_SIGN_IDENTITY = "iPhone Developer";
				COPY_PHASE_STRIP = NO;
				DEBUG_INFORMATION_FORMAT = dwarf;
				ENABLE_STRICT_OBJC_MSGSEND = YES;
				ENABLE_TESTABILITY = YES;
				GCC_C_LANGUAGE_STANDARD = gnu11;
				GCC_DYNAMIC_NO_PIC = NO;
				GCC_NO_COMMON_BLOCKS = YES;
				GCC_OPTIMIZATION_LEVEL = 0;
				GCC_PREPROCESSOR_DEFINITIONS = (
					"DEBUG=1",
					"$(inherited)",
				);
				GCC_WARN_64_TO_32_BIT_CONVERSION = YES;
				GCC_WARN_ABOUT_RETURN_TYPE = YES_ERROR;
				GCC_WARN_UNDECLARED_SELECTOR = YES;
				GCC_WARN_UNINITIALIZED_AUTOS = YES_AGGRESSIVE;
				GCC_WARN_UNUSED_FUNCTION = YES;
				GCC_WARN_UNUSED_VARIABLE = YES;
				IPHONEOS_DEPLOYMENT_TARGET = 11.1;
				MTL_ENABLE_DEBUG_INFO = YES;
				ONLY_ACTIVE_ARCH = YES;
				SDKROOT = iphoneos;
				SWIFT_ACTIVE_COMPILATION_CONDITIONS = DEBUG;
				SWIFT_OPTIMIZATION_LEVEL = "-Onone";
			};
			name = Debug;
		};
		5B6AED4820067DDF00ADF843 /* Release */ = {
			isa = XCBuildConfiguration;
			buildSettings = {
				ALWAYS_SEARCH_USER_PATHS = NO;
				CLANG_ANALYZER_NONNULL = YES;
				CLANG_ANALYZER_NUMBER_OBJECT_CONVERSION = YES_AGGRESSIVE;
				CLANG_CXX_LANGUAGE_STANDARD = "gnu++14";
				CLANG_CXX_LIBRARY = "libc++";
				CLANG_ENABLE_MODULES = YES;
				CLANG_ENABLE_OBJC_ARC = YES;
				CLANG_WARN_BLOCK_CAPTURE_AUTORELEASING = YES;
				CLANG_WARN_BOOL_CONVERSION = YES;
				CLANG_WARN_COMMA = YES;
				CLANG_WARN_CONSTANT_CONVERSION = YES;
				CLANG_WARN_DIRECT_OBJC_ISA_USAGE = YES_ERROR;
				CLANG_WARN_DOCUMENTATION_COMMENTS = YES;
				CLANG_WARN_EMPTY_BODY = YES;
				CLANG_WARN_ENUM_CONVERSION = YES;
				CLANG_WARN_INFINITE_RECURSION = YES;
				CLANG_WARN_INT_CONVERSION = YES;
				CLANG_WARN_NON_LITERAL_NULL_CONVERSION = YES;
				CLANG_WARN_OBJC_LITERAL_CONVERSION = YES;
				CLANG_WARN_OBJC_ROOT_CLASS = YES_ERROR;
				CLANG_WARN_RANGE_LOOP_ANALYSIS = YES;
				CLANG_WARN_STRICT_PROTOTYPES = YES;
				CLANG_WARN_SUSPICIOUS_MOVE = YES;
				CLANG_WARN_UNGUARDED_AVAILABILITY = YES_AGGRESSIVE;
				CLANG_WARN_UNREACHABLE_CODE = YES;
				CLANG_WARN__DUPLICATE_METHOD_MATCH = YES;
				CODE_SIGN_IDENTITY = "iPhone Developer";
				COPY_PHASE_STRIP = NO;
				DEBUG_INFORMATION_FORMAT = "dwarf-with-dsym";
				ENABLE_NS_ASSERTIONS = NO;
				ENABLE_STRICT_OBJC_MSGSEND = YES;
				GCC_C_LANGUAGE_STANDARD = gnu11;
				GCC_NO_COMMON_BLOCKS = YES;
				GCC_WARN_64_TO_32_BIT_CONVERSION = YES;
				GCC_WARN_ABOUT_RETURN_TYPE = YES_ERROR;
				GCC_WARN_UNDECLARED_SELECTOR = YES;
				GCC_WARN_UNINITIALIZED_AUTOS = YES_AGGRESSIVE;
				GCC_WARN_UNUSED_FUNCTION = YES;
				GCC_WARN_UNUSED_VARIABLE = YES;
				IPHONEOS_DEPLOYMENT_TARGET = 11.1;
				MTL_ENABLE_DEBUG_INFO = NO;
				SDKROOT = iphoneos;
				SWIFT_OPTIMIZATION_LEVEL = "-Owholemodule";
				VALIDATE_PRODUCT = YES;
			};
			name = Release;
		};
		5B6AED4A20067DDF00ADF843 /* Debug */ = {
			isa = XCBuildConfiguration;
			baseConfigurationReference = E39D899459D27F5D75687E39 /* Pods-dataStructuresApp.debug.xcconfig */;
			buildSettings = {
				ASSETCATALOG_COMPILER_APPICON_NAME = AppIcon;
				CODE_SIGN_STYLE = Automatic;
				DEVELOPMENT_TEAM = 49XCCB67NQ;
				INFOPLIST_FILE = dataStructuresApp/Info.plist;
				LD_RUNPATH_SEARCH_PATHS = "$(inherited) @executable_path/Frameworks";
				PRODUCT_BUNDLE_IDENTIFIER = com.edouardlong.dataStructuresApp;
				PRODUCT_NAME = "$(TARGET_NAME)";
				SWIFT_VERSION = 4.0;
				TARGETED_DEVICE_FAMILY = "1,2";
			};
			name = Debug;
		};
		5B6AED4B20067DDF00ADF843 /* Release */ = {
			isa = XCBuildConfiguration;
			baseConfigurationReference = 600F42C547A85035BE26FFC8 /* Pods-dataStructuresApp.release.xcconfig */;
			buildSettings = {
				ASSETCATALOG_COMPILER_APPICON_NAME = AppIcon;
				CODE_SIGN_STYLE = Automatic;
				DEVELOPMENT_TEAM = 49XCCB67NQ;
				INFOPLIST_FILE = dataStructuresApp/Info.plist;
				LD_RUNPATH_SEARCH_PATHS = "$(inherited) @executable_path/Frameworks";
				PRODUCT_BUNDLE_IDENTIFIER = com.edouardlong.dataStructuresApp;
				PRODUCT_NAME = "$(TARGET_NAME)";
				SWIFT_VERSION = 4.0;
				TARGETED_DEVICE_FAMILY = "1,2";
			};
			name = Release;
		};
/* End XCBuildConfiguration section */

/* Begin XCConfigurationList section */
		5B6AED3220067DDE00ADF843 /* Build configuration list for PBXProject "dataStructuresApp" */ = {
			isa = XCConfigurationList;
			buildConfigurations = (
				5B6AED4720067DDF00ADF843 /* Debug */,
				5B6AED4820067DDF00ADF843 /* Release */,
			);
			defaultConfigurationIsVisible = 0;
			defaultConfigurationName = Release;
		};
		5B6AED4920067DDF00ADF843 /* Build configuration list for PBXNativeTarget "dataStructuresApp" */ = {
			isa = XCConfigurationList;
			buildConfigurations = (
				5B6AED4A20067DDF00ADF843 /* Debug */,
				5B6AED4B20067DDF00ADF843 /* Release */,
			);
			defaultConfigurationIsVisible = 0;
			defaultConfigurationName = Release;
		};
/* End XCConfigurationList section */
	};
	rootObject = 5B6AED2F20067DDE00ADF843 /* Project object */;
}
